
Microsoft Visual Studio Solution File, Format Version 12.00
# Visual Studio Version 17
VisualStudioVersion = 17.3.32901.215
MinimumVisualStudioVersion = 10.0.40219.1
Project("{9A19103F-16F7-4668-BE54-9A1E7A4F7556}") = "Test1", "Test1\Test1.csproj", "{F095D487-8C8D-4A2F-ACCD-018AEECE1479}"
EndProject
Project("{2150E333-8FDC-42A3-9474-1A3956D46DE8}") = "Элементы решения", "Элементы решения", "{137072B5-98B5-4A97-9C6E-C77E28EB1AE5}"
	ProjectSection(SolutionItems) = preProject
		..\..\..\Downloads\day1.json = ..\..\..\Downloads\day1.json
	EndProjectSection
EndProject
Global
	GlobalSection(SolutionConfigurationPlatforms) = preSolution
		Debug|Any CPU = Debug|Any CPU
		Release|Any CPU = Release|Any CPU
	EndGlobalSection
	GlobalSection(ProjectConfigurationPlatforms) = postSolution
		{F095D487-8C8D-4A2F-ACCD-018AEECE1479}.Debug|Any CPU.ActiveCfg = Debug|Any CPU
		{F095D487-8C8D-4A2F-ACCD-018AEECE1479}.Debug|Any CPU.Build.0 = Debug|Any CPU
		{F095D487-8C8D-4A2F-ACCD-018AEECE1479}.Release|Any CPU.ActiveCfg = Release|Any CPU
		{F095D487-8C8D-4A2F-ACCD-018AEECE1479}.Release|Any CPU.Build.0 = Release|Any CPU
	EndGlobalSection
	GlobalSection(SolutionProperties) = preSolution
		HideSolutionNode = FALSE
	EndGlobalSection
	GlobalSection(ExtensibilityGlobals) = postSolution
		SolutionGuid = {063F7BAC-86C0-4E8A-954D-FF65241FC387}
	EndGlobalSection
EndGlobal
